
Microsoft Visual Studio Solution File, Format Version 12.00
Project("{FAE04EC0-301F-11D3-BF4B-00C04F79EFBC}") = "Prism.NoTrack.Shortener.Backend", "Prism.NoTrack.Shortener.Backend\Prism.NoTrack.Shortener.Backend.csproj", "{8C39DDDE-CB86-47A1-9119-A8C094727B83}"
EndProject
Project("{FAE04EC0-301F-11D3-BF4B-00C04F79EFBC}") = "Prism.NoTrack.Shortener", "Prism.NoTrack.Shortener\Prism.NoTrack.Shortener.csproj", "{7256FA7F-2861-48AB-AB95-9658C7A9DD95}"
EndProject
Project("{FAE04EC0-301F-11D3-BF4B-00C04F79EFBC}") = "Prism.NoTrack.Shortener.Migrate", "tools\Prism.NoTrack.Shortener.Migrate\Prism.NoTrack.Shortener.Migrate.csproj", "{6CC7984C-B0E9-4372-BDAB-48FF5746C041}"
EndProject
Project("{FAE04EC0-301F-11D3-BF4B-00C04F79EFBC}") = "Prism.NoTrack.Shortener.Tests", "Prism.NoTrack.Shortener.Tests\Prism.NoTrack.Shortener.Tests.csproj", "{1AE09783-D7B8-40E0-9412-181560412C34}"
EndProject
Global
	GlobalSection(SolutionConfigurationPlatforms) = preSolution
		Debug|Any CPU = Debug|Any CPU
		Release|Any CPU = Release|Any CPU
	EndGlobalSection
	GlobalSection(ProjectConfigurationPlatforms) = postSolution
		{8C39DDDE-CB86-47A1-9119-A8C094727B83}.Debug|Any CPU.ActiveCfg = Debug|Any CPU
		{8C39DDDE-CB86-47A1-9119-A8C094727B83}.Debug|Any CPU.Build.0 = Debug|Any CPU
		{8C39DDDE-CB86-47A1-9119-A8C094727B83}.Release|Any CPU.ActiveCfg = Release|Any CPU
		{8C39DDDE-CB86-47A1-9119-A8C094727B83}.Release|Any CPU.Build.0 = Release|Any CPU
		{7256FA7F-2861-48AB-AB95-9658C7A9DD95}.Debug|Any CPU.ActiveCfg = Debug|Any CPU
		{7256FA7F-2861-48AB-AB95-9658C7A9DD95}.Debug|Any CPU.Build.0 = Debug|Any CPU
		{7256FA7F-2861-48AB-AB95-9658C7A9DD95}.Release|Any CPU.ActiveCfg = Release|Any CPU
		{7256FA7F-2861-48AB-AB95-9658C7A9DD95}.Release|Any CPU.Build.0 = Release|Any CPU
		{6CC7984C-B0E9-4372-BDAB-48FF5746C041}.Debug|Any CPU.ActiveCfg = Debug|Any CPU
		{6CC7984C-B0E9-4372-BDAB-48FF5746C041}.Debug|Any CPU.Build.0 = Debug|Any CPU
		{6CC7984C-B0E9-4372-BDAB-48FF5746C041}.Release|Any CPU.ActiveCfg = Release|Any CPU
		{6CC7984C-B0E9-4372-BDAB-48FF5746C041}.Release|Any CPU.Build.0 = Release|Any CPU
		{1AE09783-D7B8-40E0-9412-181560412C34}.Debug|Any CPU.ActiveCfg = Debug|Any CPU
		{1AE09783-D7B8-40E0-9412-181560412C34}.Debug|Any CPU.Build.0 = Debug|Any CPU
		{1AE09783-D7B8-40E0-9412-181560412C34}.Release|Any CPU.ActiveCfg = Release|Any CPU
		{1AE09783-D7B8-40E0-9412-181560412C34}.Release|Any CPU.Build.0 = Release|Any CPU
	EndGlobalSection
EndGlobal
